// !$*UTF8*$!
{
	archiveVersion = 1;
	classes = {
	};
	objectVersion = 50;
	objects = {

/* Begin PBXBuildFile section */
		DAE5B2CA225CC31400E99225 /* AppDelegate.swift in Sources */ = {isa = PBXBuildFile; fileRef = DAE5B2C9225CC31400E99225 /* AppDelegate.swift */; };
		DAE5B2CC225CC31400E99225 /* ViewController.swift in Sources */ = {isa = PBXBuildFile; fileRef = DAE5B2CB225CC31400E99225 /* ViewController.swift */; };
		DAE5B2CF225CC31400E99225 /* Main.storyboard in Resources */ = {isa = PBXBuildFile; fileRef = DAE5B2CD225CC31400E99225 /* Main.storyboard */; };
		DAE5B2D1225CC31500E99225 /* Assets.xcassets in Resources */ = {isa = PBXBuildFile; fileRef = DAE5B2D0225CC31500E99225 /* Assets.xcassets */; };
		DAE5B2D4225CC31500E99225 /* LaunchScreen.storyboard in Resources */ = {isa = PBXBuildFile; fileRef = DAE5B2D2225CC31500E99225 /* LaunchScreen.storyboard */; };
		DAE5B2DF225CC31500E99225 /* SwiftTestTests.swift in Sources */ = {isa = PBXBuildFile; fileRef = DAE5B2DE225CC31500E99225 /* SwiftTestTests.swift */; };
		DAE5B2EA225CC31500E99225 /* SwiftTestUITests.swift in Sources */ = {isa = PBXBuildFile; fileRef = DAE5B2E9225CC31500E99225 /* SwiftTestUITests.swift */; };
/* End PBXBuildFile section */

/* Begin PBXContainerItemProxy section */
		DAE5B2DB225CC31500E99225 /* PBXContainerItemProxy */ = {
			isa = PBXContainerItemProxy;
			containerPortal = DAE5B2BE225CC31400E99225 /* Project object */;
			proxyType = 1;
			remoteGlobalIDString = DAE5B2C5225CC31400E99225;
			remoteInfo = SwiftTest;
		};
		DAE5B2E6225CC31500E99225 /* PBXContainerItemProxy */ = {
			isa = PBXContainerItemProxy;
			containerPortal = DAE5B2BE225CC31400E99225 /* Project object */;
			proxyType = 1;
			remoteGlobalIDString = DAE5B2C5225CC31400E99225;
			remoteInfo = SwiftTest;
		};
/* End PBXContainerItemProxy section */

/* Begin PBXFileReference section */
		DAE5B2C6225CC31400E99225 /* SwiftTest.app */ = {isa = PBXFileReference; explicitFileType = wrapper.application; includeInIndex = 0; path = SwiftTest.app; sourceTree = BUILT_PRODUCTS_DIR; };
		DAE5B2C9225CC31400E99225 /* AppDelegate.swift */ = {isa = PBXFileReference; lastKnownFileType = sourcecode.swift; path = AppDelegate.swift; sourceTree = "<group>"; };
		DAE5B2CB225CC31400E99225 /* ViewController.swift */ = {isa = PBXFileReference; lastKnownFileType = sourcecode.swift; path = ViewController.swift; sourceTree = "<group>"; };
		DAE5B2CE225CC31400E99225 /* Base */ = {isa = PBXFileReference; lastKnownFileType = file.storyboard; name = Base; path = Base.lproj/Main.storyboard; sourceTree = "<group>"; };
		DAE5B2D0225CC31500E99225 /* Assets.xcassets */ = {isa = PBXFileReference; lastKnownFileType = folder.assetcatalog; path = Assets.xcassets; sourceTree = "<group>"; };
		DAE5B2D3225CC31500E99225 /* Base */ = {isa = PBXFileReference; lastKnownFileType = file.storyboard; name = Base; path = Base.lproj/LaunchScreen.storyboard; sourceTree = "<group>"; };
		DAE5B2D5225CC31500E99225 /* Info.plist */ = {isa = PBXFileReference; lastKnownFileType = text.plist.xml; path = Info.plist; sourceTree = "<group>"; };
		DAE5B2DA225CC31500E99225 /* SwiftTestTests.xctest */ = {isa = PBXFileReference; explicitFileType = wrapper.cfbundle; includeInIndex = 0; path = SwiftTestTests.xctest; sourceTree = BUILT_PRODUCTS_DIR; };
		DAE5B2DE225CC31500E99225 /* SwiftTestTests.swift */ = {isa = PBXFileReference; lastKnownFileType = sourcecode.swift; path = SwiftTestTests.swift; sourceTree = "<group>"; };
		DAE5B2E0225CC31500E99225 /* Info.plist */ = {isa = PBXFileReference; lastKnownFileType = text.plist.xml; path = Info.plist; sourceTree = "<group>"; };
		DAE5B2E5225CC31500E99225 /* SwiftTestUITests.xctest */ = {isa = PBXFileReference; explicitFileType = wrapper.cfbundle; includeInIndex = 0; path = SwiftTestUITests.xctest; sourceTree = BUILT_PRODUCTS_DIR; };
		DAE5B2E9225CC31500E99225 /* SwiftTestUITests.swift */ = {isa = PBXFileReference; lastKnownFileType = sourcecode.swift; path = SwiftTestUITests.swift; sourceTree = "<group>"; };
		DAE5B2EB225CC31500E99225 /* Info.plist */ = {isa = PBXFileReference; lastKnownFileType = text.plist.xml; path = Info.plist; sourceTree = "<group>"; };
/* End PBXFileReference section */

/* Begin PBXFrameworksBuildPhase section */
		DAE5B2C3225CC31400E99225 /* Frameworks */ = {
			isa = PBXFrameworksBuildPhase;
			buildActionMask = 2147483647;
			files = (
			);
			runOnlyForDeploymentPostprocessing = 0;
		};
		DAE5B2D7225CC31500E99225 /* Frameworks */ = {
			isa = PBXFrameworksBuildPhase;
			buildActionMask = 2147483647;
			files = (
			);
			runOnlyForDeploymentPostprocessing = 0;
		};
		DAE5B2E2225CC31500E99225 /* Frameworks */ = {
			isa = PBXFrameworksBuildPhase;
			buildActionMask = 2147483647;
			files = (
			);
			runOnlyForDeploymentPostprocessing = 0;
		};
/* End PBXFrameworksBuildPhase section */

/* Begin PBXGroup section */
		DAE5B2BD225CC31400E99225 = {
			isa = PBXGroup;
			children = (
				DAE5B2C8225CC31400E99225 /* SwiftTest */,
				DAE5B2DD225CC31500E99225 /* SwiftTestTests */,
				DAE5B2E8225CC31500E99225 /* SwiftTestUITests */,
				DAE5B2C7225CC31400E99225 /* Products */,
			);
			sourceTree = "<group>";
		};
		DAE5B2C7225CC31400E99225 /* Products */ = {
			isa = PBXGroup;
			children = (
				DAE5B2C6225CC31400E99225 /* SwiftTest.app */,
				DAE5B2DA225CC31500E99225 /* SwiftTestTests.xctest */,
				DAE5B2E5225CC31500E99225 /* SwiftTestUITests.xctest */,
			);
			name = Products;
			sourceTree = "<group>";
		};
		DAE5B2C8225CC31400E99225 /* SwiftTest */ = {
			isa = PBXGroup;
			children = (
				DAE5B2C9225CC31400E99225 /* AppDelegate.swift */,
				DAE5B2CB225CC31400E99225 /* ViewController.swift */,
				DAE5B2CD225CC31400E99225 /* Main.storyboard */,
				DAE5B2D0225CC31500E99225 /* Assets.xcassets */,
				DAE5B2D2225CC31500E99225 /* LaunchScreen.storyboard */,
				DAE5B2D5225CC31500E99225 /* Info.plist */,
			);
			path = SwiftTest;
			sourceTree = "<group>";
		};
		DAE5B2DD225CC31500E99225 /* SwiftTestTests */ = {
			isa = PBXGroup;
			children = (
				DAE5B2DE225CC31500E99225 /* SwiftTestTests.swift */,
				DAE5B2E0225CC31500E99225 /* Info.plist */,
			);
			path = SwiftTestTests;
			sourceTree = "<group>";
		};
		DAE5B2E8225CC31500E99225 /* SwiftTestUITests */ = {
			isa = PBXGroup;
			children = (
				DAE5B2E9225CC31500E99225 /* SwiftTestUITests.swift */,
				DAE5B2EB225CC31500E99225 /* Info.plist */,
			);
			path = SwiftTestUITests;
			sourceTree = "<group>";
		};
/* End PBXGroup section */

/* Begin PBXNativeTarget section */
		DAE5B2C5225CC31400E99225 /* SwiftTest */ = {
			isa = PBXNativeTarget;
			buildConfigurationList = DAE5B2EE225CC31500E99225 /* Build configuration list for PBXNativeTarget "SwiftTest" */;
			buildPhases = (
				DAE5B2C2225CC31400E99225 /* Sources */,
				DAE5B2C3225CC31400E99225 /* Frameworks */,
				DAE5B2C4225CC31400E99225 /* Resources */,
			);
			buildRules = (
			);
			dependencies = (
			);
			name = SwiftTest;
			productName = SwiftTest;
			productReference = DAE5B2C6225CC31400E99225 /* SwiftTest.app */;
			productType = "com.apple.product-type.application";
		};
		DAE5B2D9225CC31500E99225 /* SwiftTestTests */ = {
			isa = PBXNativeTarget;
			buildConfigurationList = DAE5B2F1225CC31500E99225 /* Build configuration list for PBXNativeTarget "SwiftTestTests" */;
			buildPhases = (
				DAE5B2D6225CC31500E99225 /* Sources */,
				DAE5B2D7225CC31500E99225 /* Frameworks */,
				DAE5B2D8225CC31500E99225 /* Resources */,
			);
			buildRules = (
			);
			dependencies = (
				DAE5B2DC225CC31500E99225 /* PBXTargetDependency */,
			);
			name = SwiftTestTests;
			productName = SwiftTestTests;
			productReference = DAE5B2DA225CC31500E99225 /* SwiftTestTests.xctest */;
			productType = "com.apple.product-type.bundle.unit-test";
		};
		DAE5B2E4225CC31500E99225 /* SwiftTestUITests */ = {
			isa = PBXNativeTarget;
			buildConfigurationList = DAE5B2F4225CC31500E99225 /* Build configuration list for PBXNativeTarget "SwiftTestUITests" */;
			buildPhases = (
				DAE5B2E1225CC31500E99225 /* Sources */,
				DAE5B2E2225CC31500E99225 /* Frameworks */,
				DAE5B2E3225CC31500E99225 /* Resources */,
			);
			buildRules = (
			);
			dependencies = (
				DAE5B2E7225CC31500E99225 /* PBXTargetDependency */,
			);
			name = SwiftTestUITests;
			productName = SwiftTestUITests;
			productReference = DAE5B2E5225CC31500E99225 /* SwiftTestUITests.xctest */;
			productType = "com.apple.product-type.bundle.ui-testing";
		};
/* End PBXNativeTarget section */

/* Begin PBXProject section */
		DAE5B2BE225CC31400E99225 /* Project object */ = {
			isa = PBXProject;
			attributes = {
				LastSwiftUpdateCheck = 1020;
				LastUpgradeCheck = 1020;
				ORGANIZATIONNAME = FlyElephant;
				TargetAttributes = {
					DAE5B2C5225CC31400E99225 = {
						CreatedOnToolsVersion = 10.2;
					};
					DAE5B2D9225CC31500E99225 = {
						CreatedOnToolsVersion = 10.2;
						TestTargetID = DAE5B2C5225CC31400E99225;
					};
					DAE5B2E4225CC31500E99225 = {
						CreatedOnToolsVersion = 10.2;
						TestTargetID = DAE5B2C5225CC31400E99225;
					};
				};
			};
			buildConfigurationList = DAE5B2C1225CC31400E99225 /* Build configuration list for PBXProject "SwiftTest" */;
			compatibilityVersion = "Xcode 9.3";
			developmentRegion = en;
			hasScannedForEncodings = 0;
			knownRegions = (
				en,
				Base,
			);
			mainGroup = DAE5B2BD225CC31400E99225;
			productRefGroup = DAE5B2C7225CC31400E99225 /* Products */;
			projectDirPath = "";
			projectRoot = "";
			targets = (
				DAE5B2C5225CC31400E99225 /* SwiftTest */,
				DAE5B2D9225CC31500E99225 /* SwiftTestTests */,
				DAE5B2E4225CC31500E99225 /* SwiftTestUITests */,
			);
		};
/* End PBXProject section */

/* Begin PBXResourcesBuildPhase section */
		DAE5B2C4225CC31400E99225 /* Resources */ = {
			isa = PBXResourcesBuildPhase;
			buildActionMask = 2147483647;
			files = (
				DAE5B2D4225CC31500E99225 /* LaunchScreen.storyboard in Resources */,
				DAE5B2D1225CC31500E99225 /* Assets.xcassets in Resources */,
				DAE5B2CF225CC31400E99225 /* Main.storyboard in Resources */,
			);
			runOnlyForDeploymentPostprocessing = 0;
		};
		DAE5B2D8225CC31500E99225 /* Resources */ = {
			isa = PBXResourcesBuildPhase;
			buildActionMask = 2147483647;
			files = (
			);
			runOnlyForDeploymentPostprocessing = 0;
		};
		DAE5B2E3225CC31500E99225 /* Resources */ = {
			isa = PBXResourcesBuildPhase;
			buildActionMask = 2147483647;
			files = (
			);
			runOnlyForDeploymentPostprocessing = 0;
		};
/* End PBXResourcesBuildPhase section */

/* Begin PBXSourcesBuildPhase section */
		DAE5B2C2225CC31400E99225 /* Sources */ = {
			isa = PBXSourcesBuildPhase;
			buildActionMask = 2147483647;
			files = (
				DAE5B2CC225CC31400E99225 /* ViewController.swift in Sources */,
				DAE5B2CA225CC31400E99225 /* AppDelegate.swift in Sources */,
			);
			runOnlyForDeploymentPostprocessing = 0;
		};
		DAE5B2D6225CC31500E99225 /* Sources */ = {
			isa = PBXSourcesBuildPhase;
			buildActionMask = 2147483647;
			files = (
				DAE5B2DF225CC31500E99225 /* SwiftTestTests.swift in Sources */,
			);
			runOnlyForDeploymentPostprocessing = 0;
		};
		DAE5B2E1225CC31500E99225 /* Sources */ = {
			isa = PBXSourcesBuildPhase;
			buildActionMask = 2147483647;
			files = (
				DAE5B2EA225CC31500E99225 /* SwiftTestUITests.swift in Sources */,
			);
			runOnlyForDeploymentPostprocessing = 0;
		};
/* End PBXSourcesBuildPhase section */

/* Begin PBXTargetDependency section */
		DAE5B2DC225CC31500E99225 /* PBXTargetDependency */ = {
			isa = PBXTargetDependency;
			target = DAE5B2C5225CC31400E99225 /* SwiftTest */;
			targetProxy = DAE5B2DB225CC31500E99225 /* PBXContainerItemProxy */;
		};
		DAE5B2E7225CC31500E99225 /* PBXTargetDependency */ = {
			isa = PBXTargetDependency;
			target = DAE5B2C5225CC31400E99225 /* SwiftTest */;
			targetProxy = DAE5B2E6225CC31500E99225 /* PBXContainerItemProxy */;
		};
/* End PBXTargetDependency section */

/* Begin PBXVariantGroup section */
		DAE5B2CD225CC31400E99225 /* Main.storyboard */ = {
			isa = PBXVariantGroup;
			children = (
				DAE5B2CE225CC31400E99225 /* Base */,
			);
			name = Main.storyboard;
			sourceTree = "<group>";
		};
		DAE5B2D2225CC31500E99225 /* LaunchScreen.storyboard */ = {
			isa = PBXVariantGroup;
			children = (
				DAE5B2D3225CC31500E99225 /* Base */,
			);
			name = LaunchScreen.storyboard;
			sourceTree = "<group>";
		};
/* End PBXVariantGroup section */

/* Begin XCBuildConfiguration section */
		DAE5B2EC225CC31500E99225 /* Debug */ = {
			isa = XCBuildConfiguration;
			buildSettings = {
				ALWAYS_SEARCH_USER_PATHS = NO;
				CLANG_ANALYZER_NONNULL = YES;
				CLANG_ANALYZER_NUMBER_OBJECT_CONVERSION = YES_AGGRESSIVE;
				CLANG_CXX_LANGUAGE_STANDARD = "gnu++14";
				CLANG_CXX_LIBRARY = "libc++";
				CLANG_ENABLE_MODULES = YES;
				CLANG_ENABLE_OBJC_ARC = YES;
				CLANG_ENABLE_OBJC_WEAK = YES;
				CLANG_WARN_BLOCK_CAPTURE_AUTORELEASING = YES;
				CLANG_WARN_BOOL_CONVERSION = YES;
				CLANG_WARN_COMMA = YES;
				CLANG_WARN_CONSTANT_CONVERSION = YES;
				CLANG_WARN_DEPRECATED_OBJC_IMPLEMENTATIONS = YES;
				CLANG_WARN_DIRECT_OBJC_ISA_USAGE = YES_ERROR;
				CLANG_WARN_DOCUMENTATION_COMMENTS = YES;
				CLANG_WARN_EMPTY_BODY = YES;
				CLANG_WARN_ENUM_CONVERSION = YES;
				CLANG_WARN_INFINITE_RECURSION = YES;
				CLANG_WARN_INT_CONVERSION = YES;
				CLANG_WARN_NON_LITERAL_NULL_CONVERSION = YES;
				CLANG_WARN_OBJC_IMPLICIT_RETAIN_SELF = YES;
				CLANG_WARN_OBJC_LITERAL_CONVERSION = YES;
				CLANG_WARN_OBJC_ROOT_CLASS = YES_ERROR;
				CLANG_WARN_RANGE_LOOP_ANALYSIS = YES;
				CLANG_WARN_STRICT_PROTOTYPES = YES;
				CLANG_WARN_SUSPICIOUS_MOVE = YES;
				CLANG_WARN_UNGUARDED_AVAILABILITY = YES_AGGRESSIVE;
				CLANG_WARN_UNREACHABLE_CODE = YES;
				CLANG_WARN__DUPLICATE_METHOD_MATCH = YES;
				CODE_SIGN_IDENTITY = "iPhone Developer";
				COPY_PHASE_STRIP = NO;
				DEBUG_INFORMATION_FORMAT = dwarf;
				ENABLE_STRICT_OBJC_MSGSEND = YES;
				ENABLE_TESTABILITY = YES;
				GCC_C_LANGUAGE_STANDARD = gnu11;
				GCC_DYNAMIC_NO_PIC = NO;
				GCC_NO_COMMON_BLOCKS = YES;
				GCC_OPTIMIZATION_LEVEL = 0;
				GCC_PREPROCESSOR_DEFINITIONS = (
					"DEBUG=1",
					"$(inherited)",
				);
				GCC_WARN_64_TO_32_BIT_CONVERSION = YES;
				GCC_WARN_ABOUT_RETURN_TYPE = YES_ERROR;
				GCC_WARN_UNDECLARED_SELECTOR = YES;
				GCC_WARN_UNINITIALIZED_AUTOS = YES_AGGRESSIVE;
				GCC_WARN_UNUSED_FUNCTION = YES;
				GCC_WARN_UNUSED_VARIABLE = YES;
				IPHONEOS_DEPLOYMENT_TARGET = 12.2;
				MTL_ENABLE_DEBUG_INFO = INCLUDE_SOURCE;
				MTL_FAST_MATH = YES;
				ONLY_ACTIVE_ARCH = YES;
				SDKROOT = iphoneos;
				SWIFT_ACTIVE_COMPILATION_CONDITIONS = DEBUG;
				SWIFT_OPTIMIZATION_LEVEL = "-Onone";
			};
			name = Debug;
		};
		DAE5B2ED225CC31500E99225 /* Release */ = {
			isa = XCBuildConfiguration;
			buildSettings = {
				ALWAYS_SEARCH_USER_PATHS = NO;
				CLANG_ANALYZER_NONNULL = YES;
				CLANG_ANALYZER_NUMBER_OBJECT_CONVERSION = YES_AGGRESSIVE;
				CLANG_CXX_LANGUAGE_STANDARD = "gnu++14";
				CLANG_CXX_LIBRARY = "libc++";
				CLANG_ENABLE_MODULES = YES;
				CLANG_ENABLE_OBJC_ARC = YES;
				CLANG_ENABLE_OBJC_WEAK = YES;
				CLANG_WARN_BLOCK_CAPTURE_AUTORELEASING = YES;
				CLANG_WARN_BOOL_CONVERSION = YES;
				CLANG_WARN_COMMA = YES;
				CLANG_WARN_CONSTANT_CONVERSION = YES;
				CLANG_WARN_DEPRECATED_OBJC_IMPLEMENTATIONS = YES;
				CLANG_WARN_DIRECT_OBJC_ISA_USAGE = YES_ERROR;
				CLANG_WARN_DOCUMENTATION_COMMENTS = YES;
				CLANG_WARN_EMPTY_BODY = YES;
				CLANG_WARN_ENUM_CONVERSION = YES;
				CLANG_WARN_INFINITE_RECURSION = YES;
				CLANG_WARN_INT_CONVERSION = YES;
				CLANG_WARN_NON_LITERAL_NULL_CONVERSION = YES;
				CLANG_WARN_OBJC_IMPLICIT_RETAIN_SELF = YES;
				CLANG_WARN_OBJC_LITERAL_CONVERSION = YES;
				CLANG_WARN_OBJC_ROOT_CLASS = YES_ERROR;
				CLANG_WARN_RANGE_LOOP_ANALYSIS = YES;
				CLANG_WARN_STRICT_PROTOTYPES = YES;
				CLANG_WARN_SUSPICIOUS_MOVE = YES;
				CLANG_WARN_UNGUARDED_AVAILABILITY = YES_AGGRESSIVE;
				CLANG_WARN_UNREACHABLE_CODE = YES;
				CLANG_WARN__DUPLICATE_METHOD_MATCH = YES;
				CODE_SIGN_IDENTITY = "iPhone Developer";
				COPY_PHASE_STRIP = NO;
				DEBUG_INFORMATION_FORMAT = "dwarf-with-dsym";
				ENABLE_NS_ASSERTIONS = NO;
				ENABLE_STRICT_OBJC_MSGSEND = YES;
				GCC_C_LANGUAGE_STANDARD = gnu11;
				GCC_NO_COMMON_BLOCKS = YES;
				GCC_WARN_64_TO_32_BIT_CONVERSION = YES;
				GCC_WARN_ABOUT_RETURN_TYPE = YES_ERROR;
				GCC_WARN_UNDECLARED_SELECTOR = YES;
				GCC_WARN_UNINITIALIZED_AUTOS = YES_AGGRESSIVE;
				GCC_WARN_UNUSED_FUNCTION = YES;
				GCC_WARN_UNUSED_VARIABLE = YES;
				IPHONEOS_DEPLOYMENT_TARGET = 12.2;
				MTL_ENABLE_DEBUG_INFO = NO;
				MTL_FAST_MATH = YES;
				SDKROOT = iphoneos;
				SWIFT_COMPILATION_MODE = wholemodule;
				SWIFT_OPTIMIZATION_LEVEL = "-O";
				VALIDATE_PRODUCT = YES;
			};
			name = Release;
		};
		DAE5B2EF225CC31500E99225 /* Debug */ = {
			isa = XCBuildConfiguration;
			buildSettings = {
				ASSETCATALOG_COMPILER_APPICON_NAME = AppIcon;
				CODE_SIGN_STYLE = Automatic;
				INFOPLIST_FILE = SwiftTest/Info.plist;
				LD_RUNPATH_SEARCH_PATHS = (
					"$(inherited)",
					"@executable_path/Frameworks",
				);
				PRODUCT_BUNDLE_IDENTIFIER = FlyElephant.SwiftTest;
				PRODUCT_NAME = "$(TARGET_NAME)";
				SWIFT_VERSION = 5.0;
				TARGETED_DEVICE_FAMILY = "1,2";
			};
			name = Debug;
		};
		DAE5B2F0225CC31500E99225 /* Release */ = {
			isa = XCBuildConfiguration;
			buildSettings = {
				ASSETCATALOG_COMPILER_APPICON_NAME = AppIcon;
				CODE_SIGN_STYLE = Automatic;
				INFOPLIST_FILE = SwiftTest/Info.plist;
				LD_RUNPATH_SEARCH_PATHS = (
					"$(inherited)",
					"@executable_path/Frameworks",
				);
				PRODUCT_BUNDLE_IDENTIFIER = FlyElephant.SwiftTest;
				PRODUCT_NAME = "$(TARGET_NAME)";
				SWIFT_VERSION = 5.0;
				TARGETED_DEVICE_FAMILY = "1,2";
			};
			name = Release;
		};
		DAE5B2F2225CC31500E99225 /* Debug */ = {
			isa = XCBuildConfiguration;
			buildSettings = {
				ALWAYS_EMBED_SWIFT_STANDARD_LIBRARIES = YES;
				BUNDLE_LOADER = "$(TEST_HOST)";
				CODE_SIGN_STYLE = Automatic;
				INFOPLIST_FILE = SwiftTestTests/Info.plist;
				LD_RUNPATH_SEARCH_PATHS = (
					"$(inherited)",
					"@executable_path/Frameworks",
					"@loader_path/Frameworks",
				);
				PRODUCT_BUNDLE_IDENTIFIER = FlyElephant.SwiftTestTests;
				PRODUCT_NAME = "$(TARGET_NAME)";
				SWIFT_VERSION = 5.0;
				TARGETED_DEVICE_FAMILY = "1,2";
				TEST_HOST = "$(BUILT_PRODUCTS_DIR)/SwiftTest.app/SwiftTest";
			};
			name = Debug;
		};
		DAE5B2F3225CC31500E99225 /* Release */ = {
			isa = XCBuildConfiguration;
			buildSettings = {
				ALWAYS_EMBED_SWIFT_STANDARD_LIBRARIES = YES;
				BUNDLE_LOADER = "$(TEST_HOST)";
				CODE_SIGN_STYLE = Automatic;
				INFOPLIST_FILE = SwiftTestTests/Info.plist;
				LD_RUNPATH_SEARCH_PATHS = (
					"$(inherited)",
					"@executable_path/Frameworks",
					"@loader_path/Frameworks",
				);
				PRODUCT_BUNDLE_IDENTIFIER = FlyElephant.SwiftTestTests;
				PRODUCT_NAME = "$(TARGET_NAME)";
				SWIFT_VERSION = 5.0;
				TARGETED_DEVICE_FAMILY = "1,2";
				TEST_HOST = "$(BUILT_PRODUCTS_DIR)/SwiftTest.app/SwiftTest";
			};
			name = Release;
		};
		DAE5B2F5225CC31500E99225 /* Debug */ = {
			isa = XCBuildConfiguration;
			buildSettings = {
				ALWAYS_EMBED_SWIFT_STANDARD_LIBRARIES = YES;
				CODE_SIGN_STYLE = Automatic;
				INFOPLIST_FILE = SwiftTestUITests/Info.plist;
				LD_RUNPATH_SEARCH_PATHS = (
					"$(inherited)",
					"@executable_path/Frameworks",
					"@loader_path/Frameworks",
				);
				PRODUCT_BUNDLE_IDENTIFIER = FlyElephant.SwiftTestUITests;
				PRODUCT_NAME = "$(TARGET_NAME)";
				SWIFT_VERSION = 5.0;
				TARGETED_DEVICE_FAMILY = "1,2";
				TEST_TARGET_NAME = SwiftTest;
			};
			name = Debug;
		};
		DAE5B2F6225CC31500E99225 /* Release */ = {
			isa = XCBuildConfiguration;
			buildSettings = {
				ALWAYS_EMBED_SWIFT_STANDARD_LIBRARIES = YES;
				CODE_SIGN_STYLE = Automatic;
				INFOPLIST_FILE = SwiftTestUITests/Info.plist;
				LD_RUNPATH_SEARCH_PATHS = (
					"$(inherited)",
					"@executable_path/Frameworks",
					"@loader_path/Frameworks",
				);
				PRODUCT_BUNDLE_IDENTIFIER = FlyElephant.SwiftTestUITests;
				PRODUCT_NAME = "$(TARGET_NAME)";
				SWIFT_VERSION = 5.0;
				TARGETED_DEVICE_FAMILY = "1,2";
				TEST_TARGET_NAME = SwiftTest;
			};
			name = Release;
		};
/* End XCBuildConfiguration section */

/* Begin XCConfigurationList section */
		DAE5B2C1225CC31400E99225 /* Build configuration list for PBXProject "SwiftTest" */ = {
			isa = XCConfigurationList;
			buildConfigurations = (
				DAE5B2EC225CC31500E99225 /* Debug */,
				DAE5B2ED225CC31500E99225 /* Release */,
			);
			defaultConfigurationIsVisible = 0;
			defaultConfigurationName = Release;
		};
		DAE5B2EE225CC31500E99225 /* Build configuration list for PBXNativeTarget "SwiftTest" */ = {
			isa = XCConfigurationList;
			buildConfigurations = (
				DAE5B2EF225CC31500E99225 /* Debug */,
				DAE5B2F0225CC31500E99225 /* Release */,
			);
			defaultConfigurationIsVisible = 0;
			defaultConfigurationName = Release;
		};
		DAE5B2F1225CC31500E99225 /* Build configuration list for PBXNativeTarget "SwiftTestTests" */ = {
			isa = XCConfigurationList;
			buildConfigurations = (
				DAE5B2F2225CC31500E99225 /* Debug */,
				DAE5B2F3225CC31500E99225 /* Release */,
			);
			defaultConfigurationIsVisible = 0;
			defaultConfigurationName = Release;
		};
		DAE5B2F4225CC31500E99225 /* Build configuration list for PBXNativeTarget "SwiftTestUITests" */ = {
			isa = XCConfigurationList;
			buildConfigurations = (
				DAE5B2F5225CC31500E99225 /* Debug */,
				DAE5B2F6225CC31500E99225 /* Release */,
			);
			defaultConfigurationIsVisible = 0;
			defaultConfigurationName = Release;
		};
/* End XCConfigurationList section */
	};
	rootObject = DAE5B2BE225CC31400E99225 /* Project object */;
}
